// !$*UTF8*$!
{
	archiveVersion = 1;
	classes = {
	};
	objectVersion = 55;
	objects = {

/* Begin PBXBuildFile section */
		646FACDC27CB26AA00B62418 /* Tests_iOS.swift in Sources */ = {isa = PBXBuildFile; fileRef = 646FACDB27CB26AA00B62418 /* Tests_iOS.swift */; };
		646FACDE27CB26AA00B62418 /* Tests_iOSLaunchTests.swift in Sources */ = {isa = PBXBuildFile; fileRef = 646FACDD27CB26AA00B62418 /* Tests_iOSLaunchTests.swift */; };
		646FACE827CB26AA00B62418 /* Tests_macOS.swift in Sources */ = {isa = PBXBuildFile; fileRef = 646FACE727CB26AA00B62418 /* Tests_macOS.swift */; };
		646FACEA27CB26AA00B62418 /* Tests_macOSLaunchTests.swift in Sources */ = {isa = PBXBuildFile; fileRef = 646FACE927CB26AA00B62418 /* Tests_macOSLaunchTests.swift */; };
		646FACEB27CB26AA00B62418 /* CarouselListApp.swift in Sources */ = {isa = PBXBuildFile; fileRef = 646FACC327CB26A600B62418 /* CarouselListApp.swift */; };
		646FACEC27CB26AA00B62418 /* CarouselListApp.swift in Sources */ = {isa = PBXBuildFile; fileRef = 646FACC327CB26A600B62418 /* CarouselListApp.swift */; };
		646FACED27CB26AA00B62418 /* ContentView.swift in Sources */ = {isa = PBXBuildFile; fileRef = 646FACC427CB26A600B62418 /* ContentView.swift */; };
		646FACEE27CB26AA00B62418 /* ContentView.swift in Sources */ = {isa = PBXBuildFile; fileRef = 646FACC427CB26A600B62418 /* ContentView.swift */; };
		646FACEF27CB26AA00B62418 /* Assets.xcassets in Resources */ = {isa = PBXBuildFile; fileRef = 646FACC527CB26AA00B62418 /* Assets.xcassets */; };
		646FACF027CB26AA00B62418 /* Assets.xcassets in Resources */ = {isa = PBXBuildFile; fileRef = 646FACC527CB26AA00B62418 /* Assets.xcassets */; };
/* End PBXBuildFile section */

/* Begin PBXContainerItemProxy section */
		646FACD827CB26AA00B62418 /* PBXContainerItemProxy */ = {
			isa = PBXContainerItemProxy;
			containerPortal = 646FACBE27CB26A600B62418 /* Project object */;
			proxyType = 1;
			remoteGlobalIDString = 646FACC927CB26AA00B62418;
			remoteInfo = "CarouselList (iOS)";
		};
		646FACE427CB26AA00B62418 /* PBXContainerItemProxy */ = {
			isa = PBXContainerItemProxy;
			containerPortal = 646FACBE27CB26A600B62418 /* Project object */;
			proxyType = 1;
			remoteGlobalIDString = 646FACCF27CB26AA00B62418;
			remoteInfo = "CarouselList (macOS)";
		};
/* End PBXContainerItemProxy section */

/* Begin PBXFileReference section */
		646FACC327CB26A600B62418 /* CarouselListApp.swift */ = {isa = PBXFileReference; lastKnownFileType = sourcecode.swift; path = CarouselListApp.swift; sourceTree = "<group>"; };
		646FACC427CB26A600B62418 /* ContentView.swift */ = {isa = PBXFileReference; lastKnownFileType = sourcecode.swift; path = ContentView.swift; sourceTree = "<group>"; };
		646FACC527CB26AA00B62418 /* Assets.xcassets */ = {isa = PBXFileReference; lastKnownFileType = folder.assetcatalog; path = Assets.xcassets; sourceTree = "<group>"; };
		646FACCA27CB26AA00B62418 /* CarouselList.app */ = {isa = PBXFileReference; explicitFileType = wrapper.application; includeInIndex = 0; path = CarouselList.app; sourceTree = BUILT_PRODUCTS_DIR; };
		646FACD027CB26AA00B62418 /* CarouselList.app */ = {isa = PBXFileReference; explicitFileType = wrapper.application; includeInIndex = 0; path = CarouselList.app; sourceTree = BUILT_PRODUCTS_DIR; };
		646FACD227CB26AA00B62418 /* macOS.entitlements */ = {isa = PBXFileReference; lastKnownFileType = text.plist.entitlements; path = macOS.entitlements; sourceTree = "<group>"; };
		646FACD727CB26AA00B62418 /* Tests iOS.xctest */ = {isa = PBXFileReference; explicitFileType = wrapper.cfbundle; includeInIndex = 0; path = "Tests iOS.xctest"; sourceTree = BUILT_PRODUCTS_DIR; };
		646FACDB27CB26AA00B62418 /* Tests_iOS.swift */ = {isa = PBXFileReference; lastKnownFileType = sourcecode.swift; path = Tests_iOS.swift; sourceTree = "<group>"; };
		646FACDD27CB26AA00B62418 /* Tests_iOSLaunchTests.swift */ = {isa = PBXFileReference; lastKnownFileType = sourcecode.swift; path = Tests_iOSLaunchTests.swift; sourceTree = "<group>"; };
		646FACE327CB26AA00B62418 /* Tests macOS.xctest */ = {isa = PBXFileReference; explicitFileType = wrapper.cfbundle; includeInIndex = 0; path = "Tests macOS.xctest"; sourceTree = BUILT_PRODUCTS_DIR; };
		646FACE727CB26AA00B62418 /* Tests_macOS.swift */ = {isa = PBXFileReference; lastKnownFileType = sourcecode.swift; path = Tests_macOS.swift; sourceTree = "<group>"; };
		646FACE927CB26AA00B62418 /* Tests_macOSLaunchTests.swift */ = {isa = PBXFileReference; lastKnownFileType = sourcecode.swift; path = Tests_macOSLaunchTests.swift; sourceTree = "<group>"; };
/* End PBXFileReference section */

/* Begin PBXFrameworksBuildPhase section */
		646FACC727CB26AA00B62418 /* Frameworks */ = {
			isa = PBXFrameworksBuildPhase;
			buildActionMask = 2147483647;
			files = (
			);
			runOnlyForDeploymentPostprocessing = 0;
		};
		646FACCD27CB26AA00B62418 /* Frameworks */ = {
			isa = PBXFrameworksBuildPhase;
			buildActionMask = 2147483647;
			files = (
			);
			runOnlyForDeploymentPostprocessing = 0;
		};
		646FACD427CB26AA00B62418 /* Frameworks */ = {
			isa = PBXFrameworksBuildPhase;
			buildActionMask = 2147483647;
			files = (
			);
			runOnlyForDeploymentPostprocessing = 0;
		};
		646FACE027CB26AA00B62418 /* Frameworks */ = {
			isa = PBXFrameworksBuildPhase;
			buildActionMask = 2147483647;
			files = (
			);
			runOnlyForDeploymentPostprocessing = 0;
		};
/* End PBXFrameworksBuildPhase section */

/* Begin PBXGroup section */
		646FACBD27CB26A600B62418 = {
			isa = PBXGroup;
			children = (
				646FACC227CB26A600B62418 /* Shared */,
				646FACD127CB26AA00B62418 /* macOS */,
				646FACDA27CB26AA00B62418 /* Tests iOS */,
				646FACE627CB26AA00B62418 /* Tests macOS */,
				646FACCB27CB26AA00B62418 /* Products */,
			);
			sourceTree = "<group>";
		};
		646FACC227CB26A600B62418 /* Shared */ = {
			isa = PBXGroup;
			children = (
				646FACC327CB26A600B62418 /* CarouselListApp.swift */,
				646FACC427CB26A600B62418 /* ContentView.swift */,
				646FACC527CB26AA00B62418 /* Assets.xcassets */,
			);
			path = Shared;
			sourceTree = "<group>";
		};
		646FACCB27CB26AA00B62418 /* Products */ = {
			isa = PBXGroup;
			children = (
				646FACCA27CB26AA00B62418 /* CarouselList.app */,
				646FACD027CB26AA00B62418 /* CarouselList.app */,
				646FACD727CB26AA00B62418 /* Tests iOS.xctest */,
				646FACE327CB26AA00B62418 /* Tests macOS.xctest */,
			);
			name = Products;
			sourceTree = "<group>";
		};
		646FACD127CB26AA00B62418 /* macOS */ = {
			isa = PBXGroup;
			children = (
				646FACD227CB26AA00B62418 /* macOS.entitlements */,
			);
			path = macOS;
			sourceTree = "<group>";
		};
		646FACDA27CB26AA00B62418 /* Tests iOS */ = {
			isa = PBXGroup;
			children = (
				646FACDB27CB26AA00B62418 /* Tests_iOS.swift */,
				646FACDD27CB26AA00B62418 /* Tests_iOSLaunchTests.swift */,
			);
			path = "Tests iOS";
			sourceTree = "<group>";
		};
		646FACE627CB26AA00B62418 /* Tests macOS */ = {
			isa = PBXGroup;
			children = (
				646FACE727CB26AA00B62418 /* Tests_macOS.swift */,
				646FACE927CB26AA00B62418 /* Tests_macOSLaunchTests.swift */,
			);
			path = "Tests macOS";
			sourceTree = "<group>";
		};
/* End PBXGroup section */

/* Begin PBXNativeTarget section */
		646FACC927CB26AA00B62418 /* CarouselList (iOS) */ = {
			isa = PBXNativeTarget;
			buildConfigurationList = 646FACF327CB26AA00B62418 /* Build configuration list for PBXNativeTarget "CarouselList (iOS)" */;
			buildPhases = (
				646FACC627CB26AA00B62418 /* Sources */,
				646FACC727CB26AA00B62418 /* Frameworks */,
				646FACC827CB26AA00B62418 /* Resources */,
			);
			buildRules = (
			);
			dependencies = (
			);
			name = "CarouselList (iOS)";
			productName = "CarouselList (iOS)";
			productReference = 646FACCA27CB26AA00B62418 /* CarouselList.app */;
			productType = "com.apple.product-type.application";
		};
		646FACCF27CB26AA00B62418 /* CarouselList (macOS) */ = {
			isa = PBXNativeTarget;
			buildConfigurationList = 646FACF627CB26AA00B62418 /* Build configuration list for PBXNativeTarget "CarouselList (macOS)" */;
			buildPhases = (
				646FACCC27CB26AA00B62418 /* Sources */,
				646FACCD27CB26AA00B62418 /* Frameworks */,
				646FACCE27CB26AA00B62418 /* Resources */,
			);
			buildRules = (
			);
			dependencies = (
			);
			name = "CarouselList (macOS)";
			productName = "CarouselList (macOS)";
			productReference = 646FACD027CB26AA00B62418 /* CarouselList.app */;
			productType = "com.apple.product-type.application";
		};
		646FACD627CB26AA00B62418 /* Tests iOS */ = {
			isa = PBXNativeTarget;
			buildConfigurationList = 646FACF927CB26AA00B62418 /* Build configuration list for PBXNativeTarget "Tests iOS" */;
			buildPhases = (
				646FACD327CB26AA00B62418 /* Sources */,
				646FACD427CB26AA00B62418 /* Frameworks */,
				646FACD527CB26AA00B62418 /* Resources */,
			);
			buildRules = (
			);
			dependencies = (
				646FACD927CB26AA00B62418 /* PBXTargetDependency */,
			);
			name = "Tests iOS";
			productName = "Tests iOS";
			productReference = 646FACD727CB26AA00B62418 /* Tests iOS.xctest */;
			productType = "com.apple.product-type.bundle.ui-testing";
		};
		646FACE227CB26AA00B62418 /* Tests macOS */ = {
			isa = PBXNativeTarget;
			buildConfigurationList = 646FACFC27CB26AA00B62418 /* Build configuration list for PBXNativeTarget "Tests macOS" */;
			buildPhases = (
				646FACDF27CB26AA00B62418 /* Sources */,
				646FACE027CB26AA00B62418 /* Frameworks */,
				646FACE127CB26AA00B62418 /* Resources */,
			);
			buildRules = (
			);
			dependencies = (
				646FACE527CB26AA00B62418 /* PBXTargetDependency */,
			);
			name = "Tests macOS";
			productName = "Tests macOS";
			productReference = 646FACE327CB26AA00B62418 /* Tests macOS.xctest */;
			productType = "com.apple.product-type.bundle.ui-testing";
		};
/* End PBXNativeTarget section */

/* Begin PBXProject section */
		646FACBE27CB26A600B62418 /* Project object */ = {
			isa = PBXProject;
			attributes = {
				BuildIndependentTargetsInParallel = 1;
				LastSwiftUpdateCheck = 1320;
				LastUpgradeCheck = 1320;
				TargetAttributes = {
					646FACC927CB26AA00B62418 = {
						CreatedOnToolsVersion = 13.2.1;
					};
					646FACCF27CB26AA00B62418 = {
						CreatedOnToolsVersion = 13.2.1;
					};
					646FACD627CB26AA00B62418 = {
						CreatedOnToolsVersion = 13.2.1;
						TestTargetID = 646FACC927CB26AA00B62418;
					};
					646FACE227CB26AA00B62418 = {
						CreatedOnToolsVersion = 13.2.1;
						TestTargetID = 646FACCF27CB26AA00B62418;
					};
				};
			};
			buildConfigurationList = 646FACC127CB26A600B62418 /* Build configuration list for PBXProject "CarouselList" */;
			compatibilityVersion = "Xcode 13.0";
			developmentRegion = en;
			hasScannedForEncodings = 0;
			knownRegions = (
				en,
				Base,
			);
			mainGroup = 646FACBD27CB26A600B62418;
			productRefGroup = 646FACCB27CB26AA00B62418 /* Products */;
			projectDirPath = "";
			projectRoot = "";
			targets = (
				646FACC927CB26AA00B62418 /* CarouselList (iOS) */,
				646FACCF27CB26AA00B62418 /* CarouselList (macOS) */,
				646FACD627CB26AA00B62418 /* Tests iOS */,
				646FACE227CB26AA00B62418 /* Tests macOS */,
			);
		};
/* End PBXProject section */

/* Begin PBXResourcesBuildPhase section */
		646FACC827CB26AA00B62418 /* Resources */ = {
			isa = PBXResourcesBuildPhase;
			buildActionMask = 2147483647;
			files = (
				646FACEF27CB26AA00B62418 /* Assets.xcassets in Resources */,
			);
			runOnlyForDeploymentPostprocessing = 0;
		};
		646FACCE27CB26AA00B62418 /* Resources */ = {
			isa = PBXResourcesBuildPhase;
			buildActionMask = 2147483647;
			files = (
				646FACF027CB26AA00B62418 /* Assets.xcassets in Resources */,
			);
			runOnlyForDeploymentPostprocessing = 0;
		};
		646FACD527CB26AA00B62418 /* Resources */ = {
			isa = PBXResourcesBuildPhase;
			buildActionMask = 2147483647;
			files = (
			);
			runOnlyForDeploymentPostprocessing = 0;
		};
		646FACE127CB26AA00B62418 /* Resources */ = {
			isa = PBXResourcesBuildPhase;
			buildActionMask = 2147483647;
			files = (
			);
			runOnlyForDeploymentPostprocessing = 0;
		};
/* End PBXResourcesBuildPhase section */

/* Begin PBXSourcesBuildPhase section */
		646FACC627CB26AA00B62418 /* Sources */ = {
			isa = PBXSourcesBuildPhase;
			buildActionMask = 2147483647;
			files = (
				646FACED27CB26AA00B62418 /* ContentView.swift in Sources */,
				646FACEB27CB26AA00B62418 /* CarouselListApp.swift in Sources */,
			);
			runOnlyForDeploymentPostprocessing = 0;
		};
		646FACCC27CB26AA00B62418 /* Sources */ = {
			isa = PBXSourcesBuildPhase;
			buildActionMask = 2147483647;
			files = (
				646FACEE27CB26AA00B62418 /* ContentView.swift in Sources */,
				646FACEC27CB26AA00B62418 /* CarouselListApp.swift in Sources */,
			);
			runOnlyForDeploymentPostprocessing = 0;
		};
		646FACD327CB26AA00B62418 /* Sources */ = {
			isa = PBXSourcesBuildPhase;
			buildActionMask = 2147483647;
			files = (
				646FACDE27CB26AA00B62418 /* Tests_iOSLaunchTests.swift in Sources */,
				646FACDC27CB26AA00B62418 /* Tests_iOS.swift in Sources */,
			);
			runOnlyForDeploymentPostprocessing = 0;
		};
		646FACDF27CB26AA00B62418 /* Sources */ = {
			isa = PBXSourcesBuildPhase;
			buildActionMask = 2147483647;
			files = (
				646FACEA27CB26AA00B62418 /* Tests_macOSLaunchTests.swift in Sources */,
				646FACE827CB26AA00B62418 /* Tests_macOS.swift in Sources */,
			);
			runOnlyForDeploymentPostprocessing = 0;
		};
/* End PBXSourcesBuildPhase section */

/* Begin PBXTargetDependency section */
		646FACD927CB26AA00B62418 /* PBXTargetDependency */ = {
			isa = PBXTargetDependency;
			target = 646FACC927CB26AA00B62418 /* CarouselList (iOS) */;
			targetProxy = 646FACD827CB26AA00B62418 /* PBXContainerItemProxy */;
		};
		646FACE527CB26AA00B62418 /* PBXTargetDependency */ = {
			isa = PBXTargetDependency;
			target = 646FACCF27CB26AA00B62418 /* CarouselList (macOS) */;
			targetProxy = 646FACE427CB26AA00B62418 /* PBXContainerItemProxy */;
		};
/* End PBXTargetDependency section */

/* Begin XCBuildConfiguration section */
		646FACF127CB26AA00B62418 /* Debug */ = {
			isa = XCBuildConfiguration;
			buildSettings = {
				ALWAYS_SEARCH_USER_PATHS = NO;
				CLANG_ANALYZER_NONNULL = YES;
				CLANG_ANALYZER_NUMBER_OBJECT_CONVERSION = YES_AGGRESSIVE;
				CLANG_CXX_LANGUAGE_STANDARD = "gnu++17";
				CLANG_CXX_LIBRARY = "libc++";
				CLANG_ENABLE_MODULES = YES;
				CLANG_ENABLE_OBJC_ARC = YES;
				CLANG_ENABLE_OBJC_WEAK = YES;
				CLANG_WARN_BLOCK_CAPTURE_AUTORELEASING = YES;
				CLANG_WARN_BOOL_CONVERSION = YES;
				CLANG_WARN_COMMA = YES;
				CLANG_WARN_CONSTANT_CONVERSION = YES;
				CLANG_WARN_DEPRECATED_OBJC_IMPLEMENTATIONS = YES;
				CLANG_WARN_DIRECT_OBJC_ISA_USAGE = YES_ERROR;
				CLANG_WARN_DOCUMENTATION_COMMENTS = YES;
				CLANG_WARN_EMPTY_BODY = YES;
				CLANG_WARN_ENUM_CONVERSION = YES;
				CLANG_WARN_INFINITE_RECURSION = YES;
				CLANG_WARN_INT_CONVERSION = YES;
				CLANG_WARN_NON_LITERAL_NULL_CONVERSION = YES;
				CLANG_WARN_OBJC_IMPLICIT_RETAIN_SELF = YES;
				CLANG_WARN_OBJC_LITERAL_CONVERSION = YES;
				CLANG_WARN_OBJC_ROOT_CLASS = YES_ERROR;
				CLANG_WARN_QUOTED_INCLUDE_IN_FRAMEWORK_HEADER = YES;
				CLANG_WARN_RANGE_LOOP_ANALYSIS = YES;
				CLANG_WARN_STRICT_PROTOTYPES = YES;
				CLANG_WARN_SUSPICIOUS_MOVE = YES;
				CLANG_WARN_UNGUARDED_AVAILABILITY = YES_AGGRESSIVE;
				CLANG_WARN_UNREACHABLE_CODE = YES;
				CLANG_WARN__DUPLICATE_METHOD_MATCH = YES;
				COPY_PHASE_STRIP = NO;
				DEBUG_INFORMATION_FORMAT = dwarf;
				ENABLE_STRICT_OBJC_MSGSEND = YES;
				ENABLE_TESTABILITY = YES;
				GCC_C_LANGUAGE_STANDARD = gnu11;
				GCC_DYNAMIC_NO_PIC = NO;
				GCC_NO_COMMON_BLOCKS = YES;
				GCC_OPTIMIZATION_LEVEL = 0;
				GCC_PREPROCESSOR_DEFINITIONS = (
					"DEBUG=1",
					"$(inherited)",
				);
				GCC_WARN_64_TO_32_BIT_CONVERSION = YES;
				GCC_WARN_ABOUT_RETURN_TYPE = YES_ERROR;
				GCC_WARN_UNDECLARED_SELECTOR = YES;
				GCC_WARN_UNINITIALIZED_AUTOS = YES_AGGRESSIVE;
				GCC_WARN_UNUSED_FUNCTION = YES;
				GCC_WARN_UNUSED_VARIABLE = YES;
				MTL_ENABLE_DEBUG_INFO = INCLUDE_SOURCE;
				MTL_FAST_MATH = YES;
				ONLY_ACTIVE_ARCH = YES;
				SWIFT_ACTIVE_COMPILATION_CONDITIONS = DEBUG;
				SWIFT_OPTIMIZATION_LEVEL = "-Onone";
			};
			name = Debug;
		};
		646FACF227CB26AA00B62418 /* Release */ = {
			isa = XCBuildConfiguration;
			buildSettings = {
				ALWAYS_SEARCH_USER_PATHS = NO;
				CLANG_ANALYZER_NONNULL = YES;
				CLANG_ANALYZER_NUMBER_OBJECT_CONVERSION = YES_AGGRESSIVE;
				CLANG_CXX_LANGUAGE_STANDARD = "gnu++17";
				CLANG_CXX_LIBRARY = "libc++";
				CLANG_ENABLE_MODULES = YES;
				CLANG_ENABLE_OBJC_ARC = YES;
				CLANG_ENABLE_OBJC_WEAK = YES;
				CLANG_WARN_BLOCK_CAPTURE_AUTORELEASING = YES;
				CLANG_WARN_BOOL_CONVERSION = YES;
				CLANG_WARN_COMMA = YES;
				CLANG_WARN_CONSTANT_CONVERSION = YES;
				CLANG_WARN_DEPRECATED_OBJC_IMPLEMENTATIONS = YES;
				CLANG_WARN_DIRECT_OBJC_ISA_USAGE = YES_ERROR;
				CLANG_WARN_DOCUMENTATION_COMMENTS = YES;
				CLANG_WARN_EMPTY_BODY = YES;
				CLANG_WARN_ENUM_CONVERSION = YES;
				CLANG_WARN_INFINITE_RECURSION = YES;
				CLANG_WARN_INT_CONVERSION = YES;
				CLANG_WARN_NON_LITERAL_NULL_CONVERSION = YES;
				CLANG_WARN_OBJC_IMPLICIT_RETAIN_SELF = YES;
				CLANG_WARN_OBJC_LITERAL_CONVERSION = YES;
				CLANG_WARN_OBJC_ROOT_CLASS = YES_ERROR;
				CLANG_WARN_QUOTED_INCLUDE_IN_FRAMEWORK_HEADER = YES;
				CLANG_WARN_RANGE_LOOP_ANALYSIS = YES;
				CLANG_WARN_STRICT_PROTOTYPES = YES;
				CLANG_WARN_SUSPICIOUS_MOVE = YES;
				CLANG_WARN_UNGUARDED_AVAILABILITY = YES_AGGRESSIVE;
				CLANG_WARN_UNREACHABLE_CODE = YES;
				CLANG_WARN__DUPLICATE_METHOD_MATCH = YES;
				COPY_PHASE_STRIP = NO;
				DEBUG_INFORMATION_FORMAT = "dwarf-with-dsym";
				ENABLE_NS_ASSERTIONS = NO;
				ENABLE_STRICT_OBJC_MSGSEND = YES;
				GCC_C_LANGUAGE_STANDARD = gnu11;
				GCC_NO_COMMON_BLOCKS = YES;
				GCC_WARN_64_TO_32_BIT_CONVERSION = YES;
				GCC_WARN_ABOUT_RETURN_TYPE = YES_ERROR;
				GCC_WARN_UNDECLARED_SELECTOR = YES;
				GCC_WARN_UNINITIALIZED_AUTOS = YES_AGGRESSIVE;
				GCC_WARN_UNUSED_FUNCTION = YES;
				GCC_WARN_UNUSED_VARIABLE = YES;
				MTL_ENABLE_DEBUG_INFO = NO;
				MTL_FAST_MATH = YES;
				SWIFT_COMPILATION_MODE = wholemodule;
				SWIFT_OPTIMIZATION_LEVEL = "-O";
			};
			name = Release;
		};
		646FACF427CB26AA00B62418 /* Debug */ = {
			isa = XCBuildConfiguration;
			buildSettings = {
				ASSETCATALOG_COMPILER_APPICON_NAME = AppIcon;
				ASSETCATALOG_COMPILER_GLOBAL_ACCENT_COLOR_NAME = AccentColor;
				CODE_SIGN_STYLE = Automatic;
				CURRENT_PROJECT_VERSION = 1;
				ENABLE_PREVIEWS = YES;
				GENERATE_INFOPLIST_FILE = YES;
				INFOPLIST_KEY_UIApplicationSceneManifest_Generation = YES;
				INFOPLIST_KEY_UIApplicationSupportsIndirectInputEvents = YES;
				INFOPLIST_KEY_UILaunchScreen_Generation = YES;
				INFOPLIST_KEY_UISupportedInterfaceOrientations_iPad = "UIInterfaceOrientationPortrait UIInterfaceOrientationPortraitUpsideDown UIInterfaceOrientationLandscapeLeft UIInterfaceOrientationLandscapeRight";
				INFOPLIST_KEY_UISupportedInterfaceOrientations_iPhone = "UIInterfaceOrientationPortrait UIInterfaceOrientationLandscapeLeft UIInterfaceOrientationLandscapeRight";
				IPHONEOS_DEPLOYMENT_TARGET = 15.2;
				LD_RUNPATH_SEARCH_PATHS = (
					"$(inherited)",
					"@executable_path/Frameworks",
				);
				MARKETING_VERSION = 1.0;
				PRODUCT_BUNDLE_IDENTIFIER = getnerdify.CarouselList;
				PRODUCT_NAME = CarouselList;
				SDKROOT = iphoneos;
				SWIFT_EMIT_LOC_STRINGS = YES;
				SWIFT_VERSION = 5.0;
				TARGETED_DEVICE_FAMILY = "1,2";
			};
			name = Debug;
		};
		646FACF527CB26AA00B62418 /* Release */ = {
			isa = XCBuildConfiguration;
			buildSettings = {
				ASSETCATALOG_COMPILER_APPICON_NAME = AppIcon;
				ASSETCATALOG_COMPILER_GLOBAL_ACCENT_COLOR_NAME = AccentColor;
				CODE_SIGN_STYLE = Automatic;
				CURRENT_PROJECT_VERSION = 1;
				ENABLE_PREVIEWS = YES;
				GENERATE_INFOPLIST_FILE = YES;
				INFOPLIST_KEY_UIApplicationSceneManifest_Generation = YES;
				INFOPLIST_KEY_UIApplicationSupportsIndirectInputEvents = YES;
				INFOPLIST_KEY_UILaunchScreen_Generation = YES;
				INFOPLIST_KEY_UISupportedInterfaceOrientations_iPad = "UIInterfaceOrientationPortrait UIInterfaceOrientationPortraitUpsideDown UIInterfaceOrientationLandscapeLeft UIInterfaceOrientationLandscapeRight";
				INFOPLIST_KEY_UISupportedInterfaceOrientations_iPhone = "UIInterfaceOrientationPortrait UIInterfaceOrientationLandscapeLeft UIInterfaceOrientationLandscapeRight";
				IPHONEOS_DEPLOYMENT_TARGET = 15.2;
				LD_RUNPATH_SEARCH_PATHS = (
					"$(inherited)",
					"@executable_path/Frameworks",
				);
				MARKETING_VERSION = 1.0;
				PRODUCT_BUNDLE_IDENTIFIER = getnerdify.CarouselList;
				PRODUCT_NAME = CarouselList;
				SDKROOT = iphoneos;
				SWIFT_EMIT_LOC_STRINGS = YES;
				SWIFT_VERSION = 5.0;
				TARGETED_DEVICE_FAMILY = "1,2";
				VALIDATE_PRODUCT = YES;
			};
			name = Release;
		};
		646FACF727CB26AA00B62418 /* Debug */ = {
			isa = XCBuildConfiguration;
			buildSettings = {
				ASSETCATALOG_COMPILER_APPICON_NAME = AppIcon;
				ASSETCATALOG_COMPILER_GLOBAL_ACCENT_COLOR_NAME = AccentColor;
				CODE_SIGN_ENTITLEMENTS = macOS/macOS.entitlements;
				CODE_SIGN_STYLE = Automatic;
				COMBINE_HIDPI_IMAGES = YES;
				CURRENT_PROJECT_VERSION = 1;
				ENABLE_PREVIEWS = YES;
				GENERATE_INFOPLIST_FILE = YES;
				INFOPLIST_KEY_NSHumanReadableCopyright = "";
				LD_RUNPATH_SEARCH_PATHS = (
					"$(inherited)",
					"@executable_path/../Frameworks",
				);
				MACOSX_DEPLOYMENT_TARGET = 12.1;
				MARKETING_VERSION = 1.0;
				PRODUCT_BUNDLE_IDENTIFIER = getnerdify.CarouselList;
				PRODUCT_NAME = CarouselList;
				SDKROOT = macosx;
				SWIFT_EMIT_LOC_STRINGS = YES;
				SWIFT_VERSION = 5.0;
			};
			name = Debug;
		};
		646FACF827CB26AA00B62418 /* Release */ = {
			isa = XCBuildConfiguration;
			buildSettings = {
				ASSETCATALOG_COMPILER_APPICON_NAME = AppIcon;
				ASSETCATALOG_COMPILER_GLOBAL_ACCENT_COLOR_NAME = AccentColor;
				CODE_SIGN_ENTITLEMENTS = macOS/macOS.entitlements;
				CODE_SIGN_STYLE = Automatic;
				COMBINE_HIDPI_IMAGES = YES;
				CURRENT_PROJECT_VERSION = 1;
				ENABLE_PREVIEWS = YES;
				GENERATE_INFOPLIST_FILE = YES;
				INFOPLIST_KEY_NSHumanReadableCopyright = "";
				LD_RUNPATH_SEARCH_PATHS = (
					"$(inherited)",
					"@executable_path/../Frameworks",
				);
				MACOSX_DEPLOYMENT_TARGET = 12.1;
				MARKETING_VERSION = 1.0;
				PRODUCT_BUNDLE_IDENTIFIER = getnerdify.CarouselList;
				PRODUCT_NAME = CarouselList;
				SDKROOT = macosx;
				SWIFT_EMIT_LOC_STRINGS = YES;
				SWIFT_VERSION = 5.0;
			};
			name = Release;
		};
		646FACFA27CB26AA00B62418 /* Debug */ = {
			isa = XCBuildConfiguration;
			buildSettings = {
				ALWAYS_EMBED_SWIFT_STANDARD_LIBRARIES = YES;
				CODE_SIGN_STYLE = Automatic;
				CURRENT_PROJECT_VERSION = 1;
				GENERATE_INFOPLIST_FILE = YES;
				IPHONEOS_DEPLOYMENT_TARGET = 15.2;
				MARKETING_VERSION = 1.0;
				PRODUCT_BUNDLE_IDENTIFIER = "getnerdify.Tests-iOS";
				PRODUCT_NAME = "$(TARGET_NAME)";
				SDKROOT = iphoneos;
				SWIFT_EMIT_LOC_STRINGS = NO;
				SWIFT_VERSION = 5.0;
				TARGETED_DEVICE_FAMILY = "1,2";
				TEST_TARGET_NAME = "CarouselList (iOS)";
			};
			name = Debug;
		};
		646FACFB27CB26AA00B62418 /* Release */ = {
			isa = XCBuildConfiguration;
			buildSettings = {
				ALWAYS_EMBED_SWIFT_STANDARD_LIBRARIES = YES;
				CODE_SIGN_STYLE = Automatic;
				CURRENT_PROJECT_VERSION = 1;
				GENERATE_INFOPLIST_FILE = YES;
				IPHONEOS_DEPLOYMENT_TARGET = 15.2;
				MARKETING_VERSION = 1.0;
				PRODUCT_BUNDLE_IDENTIFIER = "getnerdify.Tests-iOS";
				PRODUCT_NAME = "$(TARGET_NAME)";
				SDKROOT = iphoneos;
				SWIFT_EMIT_LOC_STRINGS = NO;
				SWIFT_VERSION = 5.0;
				TARGETED_DEVICE_FAMILY = "1,2";
				TEST_TARGET_NAME = "CarouselList (iOS)";
				VALIDATE_PRODUCT = YES;
			};
			name = Release;
		};
		646FACFD27CB26AA00B62418 /* Debug */ = {
			isa = XCBuildConfiguration;
			buildSettings = {
				ALWAYS_EMBED_SWIFT_STANDARD_LIBRARIES = YES;
				CODE_SIGN_STYLE = Automatic;
				CURRENT_PROJECT_VERSION = 1;
				GENERATE_INFOPLIST_FILE = YES;
				MACOSX_DEPLOYMENT_TARGET = 12.1;
				MARKETING_VERSION = 1.0;
				PRODUCT_BUNDLE_IDENTIFIER = "getnerdify.Tests-macOS";
				PRODUCT_NAME = "$(TARGET_NAME)";
				SDKROOT = macosx;
				SWIFT_EMIT_LOC_STRINGS = NO;
				SWIFT_VERSION = 5.0;
				TEST_TARGET_NAME = "CarouselList (macOS)";
			};
			name = Debug;
		};
		646FACFE27CB26AA00B62418 /* Release */ = {
			isa = XCBuildConfiguration;
			buildSettings = {
				ALWAYS_EMBED_SWIFT_STANDARD_LIBRARIES = YES;
				CODE_SIGN_STYLE = Automatic;
				CURRENT_PROJECT_VERSION = 1;
				GENERATE_INFOPLIST_FILE = YES;
				MACOSX_DEPLOYMENT_TARGET = 12.1;
				MARKETING_VERSION = 1.0;
				PRODUCT_BUNDLE_IDENTIFIER = "getnerdify.Tests-macOS";
				PRODUCT_NAME = "$(TARGET_NAME)";
				SDKROOT = macosx;
				SWIFT_EMIT_LOC_STRINGS = NO;
				SWIFT_VERSION = 5.0;
				TEST_TARGET_NAME = "CarouselList (macOS)";
			};
			name = Release;
		};
/* End XCBuildConfiguration section */

/* Begin XCConfigurationList section */
		646FACC127CB26A600B62418 /* Build configuration list for PBXProject "CarouselList" */ = {
			isa = XCConfigurationList;
			buildConfigurations = (
				646FACF127CB26AA00B62418 /* Debug */,
				646FACF227CB26AA00B62418 /* Release */,
			);
			defaultConfigurationIsVisible = 0;
			defaultConfigurationName = Release;
		};
		646FACF327CB26AA00B62418 /* Build configuration list for PBXNativeTarget "CarouselList (iOS)" */ = {
			isa = XCConfigurationList;
			buildConfigurations = (
				646FACF427CB26AA00B62418 /* Debug */,
				646FACF527CB26AA00B62418 /* Release */,
			);
			defaultConfigurationIsVisible = 0;
			defaultConfigurationName = Release;
		};
		646FACF627CB26AA00B62418 /* Build configuration list for PBXNativeTarget "CarouselList (macOS)" */ = {
			isa = XCConfigurationList;
			buildConfigurations = (
				646FACF727CB26AA00B62418 /* Debug */,
				646FACF827CB26AA00B62418 /* Release */,
			);
			defaultConfigurationIsVisible = 0;
			defaultConfigurationName = Release;
		};
		646FACF927CB26AA00B62418 /* Build configuration list for PBXNativeTarget "Tests iOS" */ = {
			isa = XCConfigurationList;
			buildConfigurations = (
				646FACFA27CB26AA00B62418 /* Debug */,
				646FACFB27CB26AA00B62418 /* Release */,
			);
			defaultConfigurationIsVisible = 0;
			defaultConfigurationName = Release;
		};
		646FACFC27CB26AA00B62418 /* Build configuration list for PBXNativeTarget "Tests macOS" */ = {
			isa = XCConfigurationList;
			buildConfigurations = (
				646FACFD27CB26AA00B62418 /* Debug */,
				646FACFE27CB26AA00B62418 /* Release */,
			);
			defaultConfigurationIsVisible = 0;
			defaultConfigurationName = Release;
		};
/* End XCConfigurationList section */
	};
	rootObject = 646FACBE27CB26A600B62418 /* Project object */;
}
